// !$*UTF8*$!
{
	archiveVersion = 1;
	classes = {
	};
	objectVersion = 50;
	objects = {

/* Begin PBXBuildFile section */
		2F3107602443A70300C9AC36 /* WorldwideTableViewCell.swift in Sources */ = {isa = PBXBuildFile; fileRef = 2F31075F2443A70300C9AC36 /* WorldwideTableViewCell.swift */; };
		2F3107612443A70300C9AC36 /* WorldwideTableViewCell.swift in Sources */ = {isa = PBXBuildFile; fileRef = 2F31075F2443A70300C9AC36 /* WorldwideTableViewCell.swift */; };
		2F3107622443A70300C9AC36 /* WorldwideTableViewCell.swift in Sources */ = {isa = PBXBuildFile; fileRef = 2F31075F2443A70300C9AC36 /* WorldwideTableViewCell.swift */; };
		2F3107692443B66700C9AC36 /* Montserrat-Bold.otf in Resources */ = {isa = PBXBuildFile; fileRef = 2F3107662443B52100C9AC36 /* Montserrat-Bold.otf */; };
		2F31076A2443B66700C9AC36 /* Montserrat-Medium.otf in Resources */ = {isa = PBXBuildFile; fileRef = 2F3107672443B52100C9AC36 /* Montserrat-Medium.otf */; };
		2F31076B2443B66700C9AC36 /* Montserrat-SemiBold.otf in Resources */ = {isa = PBXBuildFile; fileRef = 2F3107682443B52100C9AC36 /* Montserrat-SemiBold.otf */; };
		2F31076D2443BC6900C9AC36 /* WorldwideHeader.swift in Sources */ = {isa = PBXBuildFile; fileRef = 2F31076C2443BC6900C9AC36 /* WorldwideHeader.swift */; };
		2F31076E2443BC6900C9AC36 /* WorldwideHeader.swift in Sources */ = {isa = PBXBuildFile; fileRef = 2F31076C2443BC6900C9AC36 /* WorldwideHeader.swift */; };
		2F31076F2443BC6900C9AC36 /* WorldwideHeader.swift in Sources */ = {isa = PBXBuildFile; fileRef = 2F31076C2443BC6900C9AC36 /* WorldwideHeader.swift */; };
		2F3B488224292EEA00A06377 /* AppDelegate.swift in Sources */ = {isa = PBXBuildFile; fileRef = 2F3B488124292EEA00A06377 /* AppDelegate.swift */; };
		2F3B488424292EEA00A06377 /* SceneDelegate.swift in Sources */ = {isa = PBXBuildFile; fileRef = 2F3B488324292EEA00A06377 /* SceneDelegate.swift */; };
		2F3B488B24292EEB00A06377 /* Assets.xcassets in Resources */ = {isa = PBXBuildFile; fileRef = 2F3B488A24292EEB00A06377 /* Assets.xcassets */; };
		2F3B488E24292EEB00A06377 /* LaunchScreen.storyboard in Resources */ = {isa = PBXBuildFile; fileRef = 2F3B488C24292EEB00A06377 /* LaunchScreen.storyboard */; };
		2F3B489924292EEC00A06377 /* Covid_19Tests.swift in Sources */ = {isa = PBXBuildFile; fileRef = 2F3B489824292EEC00A06377 /* Covid_19Tests.swift */; };
		2F3B48A424292EEC00A06377 /* Covid_19UITests.swift in Sources */ = {isa = PBXBuildFile; fileRef = 2F3B48A324292EEC00A06377 /* Covid_19UITests.swift */; };
		2F3B48B22429391000A06377 /* MainTabBarController.swift in Sources */ = {isa = PBXBuildFile; fileRef = 2F3B48B12429391000A06377 /* MainTabBarController.swift */; };
		2F3B48B32429391000A06377 /* MainTabBarController.swift in Sources */ = {isa = PBXBuildFile; fileRef = 2F3B48B12429391000A06377 /* MainTabBarController.swift */; };
		2F3B48B42429391000A06377 /* MainTabBarController.swift in Sources */ = {isa = PBXBuildFile; fileRef = 2F3B48B12429391000A06377 /* MainTabBarController.swift */; };
		2F3B48B82429395100A06377 /* BaseViewController.swift in Sources */ = {isa = PBXBuildFile; fileRef = 2F3B48B72429395100A06377 /* BaseViewController.swift */; };
		2F3B48B92429395100A06377 /* BaseViewController.swift in Sources */ = {isa = PBXBuildFile; fileRef = 2F3B48B72429395100A06377 /* BaseViewController.swift */; };
		2F3B48BA2429395100A06377 /* BaseViewController.swift in Sources */ = {isa = PBXBuildFile; fileRef = 2F3B48B72429395100A06377 /* BaseViewController.swift */; };
		2F3B48BC24293FF500A06377 /* ApiClient.swift in Sources */ = {isa = PBXBuildFile; fileRef = 2F3B48BB24293FF500A06377 /* ApiClient.swift */; };
		2F3B48BD24293FF500A06377 /* ApiClient.swift in Sources */ = {isa = PBXBuildFile; fileRef = 2F3B48BB24293FF500A06377 /* ApiClient.swift */; };
		2F3B48BE24293FF500A06377 /* ApiClient.swift in Sources */ = {isa = PBXBuildFile; fileRef = 2F3B48BB24293FF500A06377 /* ApiClient.swift */; };
		2F3B48C1242941A900A06377 /* Cases.swift in Sources */ = {isa = PBXBuildFile; fileRef = 2F3B48C0242941A900A06377 /* Cases.swift */; };
		2F3B48C2242941A900A06377 /* Cases.swift in Sources */ = {isa = PBXBuildFile; fileRef = 2F3B48C0242941A900A06377 /* Cases.swift */; };
		2F3B48C3242941A900A06377 /* Cases.swift in Sources */ = {isa = PBXBuildFile; fileRef = 2F3B48C0242941A900A06377 /* Cases.swift */; };
		2F3B48C6242944B100A06377 /* WorldwideViewModel.swift in Sources */ = {isa = PBXBuildFile; fileRef = 2F3B48C5242944B100A06377 /* WorldwideViewModel.swift */; };
		2F3B48C7242944B100A06377 /* WorldwideViewModel.swift in Sources */ = {isa = PBXBuildFile; fileRef = 2F3B48C5242944B100A06377 /* WorldwideViewModel.swift */; };
		2F3B48C8242944B100A06377 /* WorldwideViewModel.swift in Sources */ = {isa = PBXBuildFile; fileRef = 2F3B48C5242944B100A06377 /* WorldwideViewModel.swift */; };
		2FB0B73C242955F2005F5973 /* CountriesViewController.swift in Sources */ = {isa = PBXBuildFile; fileRef = 2FB0B73B242955F2005F5973 /* CountriesViewController.swift */; };
		2FB0B73D242955F2005F5973 /* CountriesViewController.swift in Sources */ = {isa = PBXBuildFile; fileRef = 2FB0B73B242955F2005F5973 /* CountriesViewController.swift */; };
		2FB0B73E242955F2005F5973 /* CountriesViewController.swift in Sources */ = {isa = PBXBuildFile; fileRef = 2FB0B73B242955F2005F5973 /* CountriesViewController.swift */; };
		2FB0B74024295610005F5973 /* WorldwideViewController.swift in Sources */ = {isa = PBXBuildFile; fileRef = 2FB0B73F24295610005F5973 /* WorldwideViewController.swift */; };
		2FB0B74124295610005F5973 /* WorldwideViewController.swift in Sources */ = {isa = PBXBuildFile; fileRef = 2FB0B73F24295610005F5973 /* WorldwideViewController.swift */; };
		2FB0B74224295610005F5973 /* WorldwideViewController.swift in Sources */ = {isa = PBXBuildFile; fileRef = 2FB0B73F24295610005F5973 /* WorldwideViewController.swift */; };
		2FB0B74D24296A2A005F5973 /* CountriesViewModel.swift in Sources */ = {isa = PBXBuildFile; fileRef = 2FB0B74C24296A2A005F5973 /* CountriesViewModel.swift */; };
		2FB0B74E24296A2A005F5973 /* CountriesViewModel.swift in Sources */ = {isa = PBXBuildFile; fileRef = 2FB0B74C24296A2A005F5973 /* CountriesViewModel.swift */; };
		2FB0B74F24296A2A005F5973 /* CountriesViewModel.swift in Sources */ = {isa = PBXBuildFile; fileRef = 2FB0B74C24296A2A005F5973 /* CountriesViewModel.swift */; };
		2FB0B751242A5D36005F5973 /* CountryCollectionViewCell.swift in Sources */ = {isa = PBXBuildFile; fileRef = 2FB0B750242A5D36005F5973 /* CountryCollectionViewCell.swift */; };
		2FB0B752242A5D36005F5973 /* CountryCollectionViewCell.swift in Sources */ = {isa = PBXBuildFile; fileRef = 2FB0B750242A5D36005F5973 /* CountryCollectionViewCell.swift */; };
		2FB0B753242A5D36005F5973 /* CountryCollectionViewCell.swift in Sources */ = {isa = PBXBuildFile; fileRef = 2FB0B750242A5D36005F5973 /* CountryCollectionViewCell.swift */; };
		2FB27577242EAE520058274E /* ImageManager.swift in Sources */ = {isa = PBXBuildFile; fileRef = 2FB27576242EAE520058274E /* ImageManager.swift */; };
		2FB27578242EAE520058274E /* ImageManager.swift in Sources */ = {isa = PBXBuildFile; fileRef = 2FB27576242EAE520058274E /* ImageManager.swift */; };
		2FB27579242EAE520058274E /* ImageManager.swift in Sources */ = {isa = PBXBuildFile; fileRef = 2FB27576242EAE520058274E /* ImageManager.swift */; };
		2FD40C202430EE2500269A64 /* CountryDetailsViewController.swift in Sources */ = {isa = PBXBuildFile; fileRef = 2FD40C1F2430EE2500269A64 /* CountryDetailsViewController.swift */; };
		2FD40C212430EE2500269A64 /* CountryDetailsViewController.swift in Sources */ = {isa = PBXBuildFile; fileRef = 2FD40C1F2430EE2500269A64 /* CountryDetailsViewController.swift */; };
		2FD40C222430EE2500269A64 /* CountryDetailsViewController.swift in Sources */ = {isa = PBXBuildFile; fileRef = 2FD40C1F2430EE2500269A64 /* CountryDetailsViewController.swift */; };
		2FD40C242430EE5700269A64 /* CountryDetailsViewModel.swift in Sources */ = {isa = PBXBuildFile; fileRef = 2FD40C232430EE5700269A64 /* CountryDetailsViewModel.swift */; };
		2FD40C252430EE5700269A64 /* CountryDetailsViewModel.swift in Sources */ = {isa = PBXBuildFile; fileRef = 2FD40C232430EE5700269A64 /* CountryDetailsViewModel.swift */; };
		2FD40C262430EE5700269A64 /* CountryDetailsViewModel.swift in Sources */ = {isa = PBXBuildFile; fileRef = 2FD40C232430EE5700269A64 /* CountryDetailsViewModel.swift */; };
		2FD40C282430F60700269A64 /* ApiConfig.swift in Sources */ = {isa = PBXBuildFile; fileRef = 2FD40C272430F60700269A64 /* ApiConfig.swift */; };
		2FD40C292430F60700269A64 /* ApiConfig.swift in Sources */ = {isa = PBXBuildFile; fileRef = 2FD40C272430F60700269A64 /* ApiConfig.swift */; };
		2FD40C2A2430F60700269A64 /* ApiConfig.swift in Sources */ = {isa = PBXBuildFile; fileRef = 2FD40C272430F60700269A64 /* ApiConfig.swift */; };
		2FD40C2C2430F7AF00269A64 /* ApiConfig.plist in Resources */ = {isa = PBXBuildFile; fileRef = 2FD40C2B2430F7AF00269A64 /* ApiConfig.plist */; };
		2FD40C2D2430F7AF00269A64 /* ApiConfig.plist in Resources */ = {isa = PBXBuildFile; fileRef = 2FD40C2B2430F7AF00269A64 /* ApiConfig.plist */; };
		2FD40C2E2430F7AF00269A64 /* ApiConfig.plist in Resources */ = {isa = PBXBuildFile; fileRef = 2FD40C2B2430F7AF00269A64 /* ApiConfig.plist */; };
		2FD40C302430FF6700269A64 /* Constants.swift in Sources */ = {isa = PBXBuildFile; fileRef = 2FD40C2F2430FF6700269A64 /* Constants.swift */; };
		2FD40C312430FF6700269A64 /* Constants.swift in Sources */ = {isa = PBXBuildFile; fileRef = 2FD40C2F2430FF6700269A64 /* Constants.swift */; };
		2FD40C322430FF6700269A64 /* Constants.swift in Sources */ = {isa = PBXBuildFile; fileRef = 2FD40C2F2430FF6700269A64 /* Constants.swift */; };
		2FD40C342431000400269A64 /* UIColor+Extensions.swift in Sources */ = {isa = PBXBuildFile; fileRef = 2FD40C332431000400269A64 /* UIColor+Extensions.swift */; };
		2FD40C352431000400269A64 /* UIColor+Extensions.swift in Sources */ = {isa = PBXBuildFile; fileRef = 2FD40C332431000400269A64 /* UIColor+Extensions.swift */; };
		2FD40C362431000400269A64 /* UIColor+Extensions.swift in Sources */ = {isa = PBXBuildFile; fileRef = 2FD40C332431000400269A64 /* UIColor+Extensions.swift */; };
/* End PBXBuildFile section */

/* Begin PBXContainerItemProxy section */
		2F3B489524292EEC00A06377 /* PBXContainerItemProxy */ = {
			isa = PBXContainerItemProxy;
			containerPortal = 2F3B487624292EE900A06377 /* Project object */;
			proxyType = 1;
			remoteGlobalIDString = 2F3B487D24292EEA00A06377;
			remoteInfo = "Covid-19";
		};
		2F3B48A024292EEC00A06377 /* PBXContainerItemProxy */ = {
			isa = PBXContainerItemProxy;
			containerPortal = 2F3B487624292EE900A06377 /* Project object */;
			proxyType = 1;
			remoteGlobalIDString = 2F3B487D24292EEA00A06377;
			remoteInfo = "Covid-19";
		};
/* End PBXContainerItemProxy section */

/* Begin PBXFileReference section */
		2F31075F2443A70300C9AC36 /* WorldwideTableViewCell.swift */ = {isa = PBXFileReference; lastKnownFileType = sourcecode.swift; path = WorldwideTableViewCell.swift; sourceTree = "<group>"; };
		2F3107662443B52100C9AC36 /* Montserrat-Bold.otf */ = {isa = PBXFileReference; lastKnownFileType = file; path = "Montserrat-Bold.otf"; sourceTree = "<group>"; };
		2F3107672443B52100C9AC36 /* Montserrat-Medium.otf */ = {isa = PBXFileReference; lastKnownFileType = file; path = "Montserrat-Medium.otf"; sourceTree = "<group>"; };
		2F3107682443B52100C9AC36 /* Montserrat-SemiBold.otf */ = {isa = PBXFileReference; lastKnownFileType = file; path = "Montserrat-SemiBold.otf"; sourceTree = "<group>"; };
		2F31076C2443BC6900C9AC36 /* WorldwideHeader.swift */ = {isa = PBXFileReference; lastKnownFileType = sourcecode.swift; path = WorldwideHeader.swift; sourceTree = "<group>"; };
		2F3B487E24292EEA00A06377 /* Covid-19.app */ = {isa = PBXFileReference; explicitFileType = wrapper.application; includeInIndex = 0; path = "Covid-19.app"; sourceTree = BUILT_PRODUCTS_DIR; };
		2F3B488124292EEA00A06377 /* AppDelegate.swift */ = {isa = PBXFileReference; lastKnownFileType = sourcecode.swift; path = AppDelegate.swift; sourceTree = "<group>"; };
		2F3B488324292EEA00A06377 /* SceneDelegate.swift */ = {isa = PBXFileReference; lastKnownFileType = sourcecode.swift; path = SceneDelegate.swift; sourceTree = "<group>"; };
		2F3B488A24292EEB00A06377 /* Assets.xcassets */ = {isa = PBXFileReference; lastKnownFileType = folder.assetcatalog; path = Assets.xcassets; sourceTree = "<group>"; };
		2F3B488D24292EEB00A06377 /* Base */ = {isa = PBXFileReference; lastKnownFileType = file.storyboard; name = Base; path = Base.lproj/LaunchScreen.storyboard; sourceTree = "<group>"; };
		2F3B488F24292EEB00A06377 /* Info.plist */ = {isa = PBXFileReference; lastKnownFileType = text.plist.xml; path = Info.plist; sourceTree = "<group>"; };
		2F3B489424292EEC00A06377 /* Covid-19Tests.xctest */ = {isa = PBXFileReference; explicitFileType = wrapper.cfbundle; includeInIndex = 0; path = "Covid-19Tests.xctest"; sourceTree = BUILT_PRODUCTS_DIR; };
		2F3B489824292EEC00A06377 /* Covid_19Tests.swift */ = {isa = PBXFileReference; lastKnownFileType = sourcecode.swift; path = Covid_19Tests.swift; sourceTree = "<group>"; };
		2F3B489A24292EEC00A06377 /* Info.plist */ = {isa = PBXFileReference; lastKnownFileType = text.plist.xml; path = Info.plist; sourceTree = "<group>"; };
		2F3B489F24292EEC00A06377 /* Covid-19UITests.xctest */ = {isa = PBXFileReference; explicitFileType = wrapper.cfbundle; includeInIndex = 0; path = "Covid-19UITests.xctest"; sourceTree = BUILT_PRODUCTS_DIR; };
		2F3B48A324292EEC00A06377 /* Covid_19UITests.swift */ = {isa = PBXFileReference; lastKnownFileType = sourcecode.swift; path = Covid_19UITests.swift; sourceTree = "<group>"; };
		2F3B48A524292EEC00A06377 /* Info.plist */ = {isa = PBXFileReference; lastKnownFileType = text.plist.xml; path = Info.plist; sourceTree = "<group>"; };
		2F3B48B12429391000A06377 /* MainTabBarController.swift */ = {isa = PBXFileReference; lastKnownFileType = sourcecode.swift; path = MainTabBarController.swift; sourceTree = "<group>"; };
		2F3B48B72429395100A06377 /* BaseViewController.swift */ = {isa = PBXFileReference; lastKnownFileType = sourcecode.swift; path = BaseViewController.swift; sourceTree = "<group>"; };
		2F3B48BB24293FF500A06377 /* ApiClient.swift */ = {isa = PBXFileReference; lastKnownFileType = sourcecode.swift; path = ApiClient.swift; sourceTree = "<group>"; };
		2F3B48C0242941A900A06377 /* Cases.swift */ = {isa = PBXFileReference; lastKnownFileType = sourcecode.swift; path = Cases.swift; sourceTree = "<group>"; };
		2F3B48C5242944B100A06377 /* WorldwideViewModel.swift */ = {isa = PBXFileReference; lastKnownFileType = sourcecode.swift; path = WorldwideViewModel.swift; sourceTree = "<group>"; };
		2FB0B73B242955F2005F5973 /* CountriesViewController.swift */ = {isa = PBXFileReference; lastKnownFileType = sourcecode.swift; path = CountriesViewController.swift; sourceTree = "<group>"; };
		2FB0B73F24295610005F5973 /* WorldwideViewController.swift */ = {isa = PBXFileReference; lastKnownFileType = sourcecode.swift; path = WorldwideViewController.swift; sourceTree = "<group>"; };
		2FB0B74C24296A2A005F5973 /* CountriesViewModel.swift */ = {isa = PBXFileReference; lastKnownFileType = sourcecode.swift; path = CountriesViewModel.swift; sourceTree = "<group>"; };
		2FB0B750242A5D36005F5973 /* CountryCollectionViewCell.swift */ = {isa = PBXFileReference; lastKnownFileType = sourcecode.swift; path = CountryCollectionViewCell.swift; sourceTree = "<group>"; };
		2FB27576242EAE520058274E /* ImageManager.swift */ = {isa = PBXFileReference; lastKnownFileType = sourcecode.swift; path = ImageManager.swift; sourceTree = "<group>"; };
		2FD40C1F2430EE2500269A64 /* CountryDetailsViewController.swift */ = {isa = PBXFileReference; lastKnownFileType = sourcecode.swift; path = CountryDetailsViewController.swift; sourceTree = "<group>"; };
		2FD40C232430EE5700269A64 /* CountryDetailsViewModel.swift */ = {isa = PBXFileReference; lastKnownFileType = sourcecode.swift; path = CountryDetailsViewModel.swift; sourceTree = "<group>"; };
		2FD40C272430F60700269A64 /* ApiConfig.swift */ = {isa = PBXFileReference; lastKnownFileType = sourcecode.swift; path = ApiConfig.swift; sourceTree = "<group>"; };
		2FD40C2B2430F7AF00269A64 /* ApiConfig.plist */ = {isa = PBXFileReference; lastKnownFileType = text.plist.xml; path = ApiConfig.plist; sourceTree = "<group>"; };
		2FD40C2F2430FF6700269A64 /* Constants.swift */ = {isa = PBXFileReference; lastKnownFileType = sourcecode.swift; path = Constants.swift; sourceTree = "<group>"; };
		2FD40C332431000400269A64 /* UIColor+Extensions.swift */ = {isa = PBXFileReference; lastKnownFileType = sourcecode.swift; path = "UIColor+Extensions.swift"; sourceTree = "<group>"; };
/* End PBXFileReference section */

/* Begin PBXFrameworksBuildPhase section */
		2F3B487B24292EEA00A06377 /* Frameworks */ = {
			isa = PBXFrameworksBuildPhase;
			buildActionMask = 2147483647;
			files = (
			);
			runOnlyForDeploymentPostprocessing = 0;
		};
		2F3B489124292EEC00A06377 /* Frameworks */ = {
			isa = PBXFrameworksBuildPhase;
			buildActionMask = 2147483647;
			files = (
			);
			runOnlyForDeploymentPostprocessing = 0;
		};
		2F3B489C24292EEC00A06377 /* Frameworks */ = {
			isa = PBXFrameworksBuildPhase;
			buildActionMask = 2147483647;
			files = (
			);
			runOnlyForDeploymentPostprocessing = 0;
		};
/* End PBXFrameworksBuildPhase section */

/* Begin PBXGroup section */
		2F3B487524292EE900A06377 = {
			isa = PBXGroup;
			children = (
				2F3B488024292EEA00A06377 /* Covid-19 */,
				2F3B489724292EEC00A06377 /* Covid-19Tests */,
				2F3B48A224292EEC00A06377 /* Covid-19UITests */,
				2F3B487F24292EEA00A06377 /* Products */,
			);
			sourceTree = "<group>";
		};
		2F3B487F24292EEA00A06377 /* Products */ = {
			isa = PBXGroup;
			children = (
				2F3B487E24292EEA00A06377 /* Covid-19.app */,
				2F3B489424292EEC00A06377 /* Covid-19Tests.xctest */,
				2F3B489F24292EEC00A06377 /* Covid-19UITests.xctest */,
			);
			name = Products;
			sourceTree = "<group>";
		};
		2F3B488024292EEA00A06377 /* Covid-19 */ = {
			isa = PBXGroup;
			children = (
				2F3B488124292EEA00A06377 /* AppDelegate.swift */,
				2F3B488324292EEA00A06377 /* SceneDelegate.swift */,
				2F3B488F24292EEB00A06377 /* Info.plist */,
				2F3B48C4242941BB00A06377 /* Models */,
				2FB27575242EAE390058274E /* Utils */,
				2F3B48B52429391A00A06377 /* Views */,
				2F3B48C9242944B600A06377 /* ViewModels */,
				2F3B48B62429392600A06377 /* Resources */,
				2F3B48BF24293FFA00A06377 /* Services */,
			);
			path = "Covid-19";
			sourceTree = "<group>";
		};
		2F3B489724292EEC00A06377 /* Covid-19Tests */ = {
			isa = PBXGroup;
			children = (
				2F3B489824292EEC00A06377 /* Covid_19Tests.swift */,
				2F3B489A24292EEC00A06377 /* Info.plist */,
			);
			path = "Covid-19Tests";
			sourceTree = "<group>";
		};
		2F3B48A224292EEC00A06377 /* Covid-19UITests */ = {
			isa = PBXGroup;
			children = (
				2F3B48A324292EEC00A06377 /* Covid_19UITests.swift */,
				2F3B48A524292EEC00A06377 /* Info.plist */,
			);
			path = "Covid-19UITests";
			sourceTree = "<group>";
		};
		2F3B48B52429391A00A06377 /* Views */ = {
			isa = PBXGroup;
			children = (
				2F3B48B72429395100A06377 /* BaseViewController.swift */,
				2F3B48B12429391000A06377 /* MainTabBarController.swift */,
				2FD40C1F2430EE2500269A64 /* CountryDetailsViewController.swift */,
				2FB0B7392429550E005F5973 /* Countries */,
				2FB0B738242954FF005F5973 /* Worldwide */,
			);
			path = Views;
			sourceTree = "<group>";
		};
		2F3B48B62429392600A06377 /* Resources */ = {
			isa = PBXGroup;
			children = (
				2F3B488A24292EEB00A06377 /* Assets.xcassets */,
				2F3B488C24292EEB00A06377 /* LaunchScreen.storyboard */,
				2F3107662443B52100C9AC36 /* Montserrat-Bold.otf */,
				2F3107672443B52100C9AC36 /* Montserrat-Medium.otf */,
				2F3107682443B52100C9AC36 /* Montserrat-SemiBold.otf */,
			);
			path = Resources;
			sourceTree = "<group>";
		};
		2F3B48BF24293FFA00A06377 /* Services */ = {
			isa = PBXGroup;
			children = (
				2FD40C2B2430F7AF00269A64 /* ApiConfig.plist */,
				2FD40C272430F60700269A64 /* ApiConfig.swift */,
				2F3B48BB24293FF500A06377 /* ApiClient.swift */,
			);
			path = Services;
			sourceTree = "<group>";
		};
		2F3B48C4242941BB00A06377 /* Models */ = {
			isa = PBXGroup;
			children = (
				2F3B48C0242941A900A06377 /* Cases.swift */,
			);
			path = Models;
			sourceTree = "<group>";
		};
		2F3B48C9242944B600A06377 /* ViewModels */ = {
			isa = PBXGroup;
			children = (
				2FB0B74C24296A2A005F5973 /* CountriesViewModel.swift */,
				2FD40C232430EE5700269A64 /* CountryDetailsViewModel.swift */,
				2F3B48C5242944B100A06377 /* WorldwideViewModel.swift */,
			);
			path = ViewModels;
			sourceTree = "<group>";
		};
		2FB0B738242954FF005F5973 /* Worldwide */ = {
			isa = PBXGroup;
			children = (
				2FB0B73F24295610005F5973 /* WorldwideViewController.swift */,
				2F31075F2443A70300C9AC36 /* WorldwideTableViewCell.swift */,
				2F31076C2443BC6900C9AC36 /* WorldwideHeader.swift */,
			);
			path = Worldwide;
			sourceTree = "<group>";
		};
		2FB0B7392429550E005F5973 /* Countries */ = {
			isa = PBXGroup;
			children = (
				2FB0B73B242955F2005F5973 /* CountriesViewController.swift */,
				2FB0B750242A5D36005F5973 /* CountryCollectionViewCell.swift */,
			);
			path = Countries;
			sourceTree = "<group>";
		};
		2FB27575242EAE390058274E /* Utils */ = {
			isa = PBXGroup;
			children = (
				2FD40C2F2430FF6700269A64 /* Constants.swift */,
				2FB27576242EAE520058274E /* ImageManager.swift */,
				2FD40C332431000400269A64 /* UIColor+Extensions.swift */,
			);
			path = Utils;
			sourceTree = "<group>";
		};
/* End PBXGroup section */

/* Begin PBXNativeTarget section */
		2F3B487D24292EEA00A06377 /* Covid-19 */ = {
			isa = PBXNativeTarget;
			buildConfigurationList = 2F3B48A824292EEC00A06377 /* Build configuration list for PBXNativeTarget "Covid-19" */;
			buildPhases = (
				2F3B487A24292EEA00A06377 /* Sources */,
				2F3B487B24292EEA00A06377 /* Frameworks */,
				2F3B487C24292EEA00A06377 /* Resources */,
			);
			buildRules = (
			);
			dependencies = (
			);
			name = "Covid-19";
			productName = "Covid-19";
			productReference = 2F3B487E24292EEA00A06377 /* Covid-19.app */;
			productType = "com.apple.product-type.application";
		};
		2F3B489324292EEC00A06377 /* Covid-19Tests */ = {
			isa = PBXNativeTarget;
			buildConfigurationList = 2F3B48AB24292EEC00A06377 /* Build configuration list for PBXNativeTarget "Covid-19Tests" */;
			buildPhases = (
				2F3B489024292EEC00A06377 /* Sources */,
				2F3B489124292EEC00A06377 /* Frameworks */,
				2F3B489224292EEC00A06377 /* Resources */,
			);
			buildRules = (
			);
			dependencies = (
				2F3B489624292EEC00A06377 /* PBXTargetDependency */,
			);
			name = "Covid-19Tests";
			productName = "Covid-19Tests";
			productReference = 2F3B489424292EEC00A06377 /* Covid-19Tests.xctest */;
			productType = "com.apple.product-type.bundle.unit-test";
		};
		2F3B489E24292EEC00A06377 /* Covid-19UITests */ = {
			isa = PBXNativeTarget;
			buildConfigurationList = 2F3B48AE24292EEC00A06377 /* Build configuration list for PBXNativeTarget "Covid-19UITests" */;
			buildPhases = (
				2F3B489B24292EEC00A06377 /* Sources */,
				2F3B489C24292EEC00A06377 /* Frameworks */,
				2F3B489D24292EEC00A06377 /* Resources */,
			);
			buildRules = (
			);
			dependencies = (
				2F3B48A124292EEC00A06377 /* PBXTargetDependency */,
			);
			name = "Covid-19UITests";
			productName = "Covid-19UITests";
			productReference = 2F3B489F24292EEC00A06377 /* Covid-19UITests.xctest */;
			productType = "com.apple.product-type.bundle.ui-testing";
		};
/* End PBXNativeTarget section */

/* Begin PBXProject section */
		2F3B487624292EE900A06377 /* Project object */ = {
			isa = PBXProject;
			attributes = {
				LastSwiftUpdateCheck = 1130;
				LastUpgradeCheck = 1130;
				ORGANIZATIONNAME = "Matheus Holanda";
				TargetAttributes = {
					2F3B487D24292EEA00A06377 = {
						CreatedOnToolsVersion = 11.3.1;
					};
					2F3B489324292EEC00A06377 = {
						CreatedOnToolsVersion = 11.3.1;
						TestTargetID = 2F3B487D24292EEA00A06377;
					};
					2F3B489E24292EEC00A06377 = {
						CreatedOnToolsVersion = 11.3.1;
						TestTargetID = 2F3B487D24292EEA00A06377;
					};
				};
			};
			buildConfigurationList = 2F3B487924292EE900A06377 /* Build configuration list for PBXProject "Covid-19" */;
			compatibilityVersion = "Xcode 9.3";
			developmentRegion = en;
			hasScannedForEncodings = 0;
			knownRegions = (
				en,
				Base,
			);
			mainGroup = 2F3B487524292EE900A06377;
			productRefGroup = 2F3B487F24292EEA00A06377 /* Products */;
			projectDirPath = "";
			projectRoot = "";
			targets = (
				2F3B487D24292EEA00A06377 /* Covid-19 */,
				2F3B489324292EEC00A06377 /* Covid-19Tests */,
				2F3B489E24292EEC00A06377 /* Covid-19UITests */,
			);
		};
/* End PBXProject section */

/* Begin PBXResourcesBuildPhase section */
		2F3B487C24292EEA00A06377 /* Resources */ = {
			isa = PBXResourcesBuildPhase;
			buildActionMask = 2147483647;
			files = (
				2F3107692443B66700C9AC36 /* Montserrat-Bold.otf in Resources */,
				2F31076A2443B66700C9AC36 /* Montserrat-Medium.otf in Resources */,
				2F31076B2443B66700C9AC36 /* Montserrat-SemiBold.otf in Resources */,
				2F3B488E24292EEB00A06377 /* LaunchScreen.storyboard in Resources */,
				2F3B488B24292EEB00A06377 /* Assets.xcassets in Resources */,
				2FD40C2C2430F7AF00269A64 /* ApiConfig.plist in Resources */,
			);
			runOnlyForDeploymentPostprocessing = 0;
		};
		2F3B489224292EEC00A06377 /* Resources */ = {
			isa = PBXResourcesBuildPhase;
			buildActionMask = 2147483647;
			files = (
				2FD40C2D2430F7AF00269A64 /* ApiConfig.plist in Resources */,
			);
			runOnlyForDeploymentPostprocessing = 0;
		};
		2F3B489D24292EEC00A06377 /* Resources */ = {
			isa = PBXResourcesBuildPhase;
			buildActionMask = 2147483647;
			files = (
				2FD40C2E2430F7AF00269A64 /* ApiConfig.plist in Resources */,
			);
			runOnlyForDeploymentPostprocessing = 0;
		};
/* End PBXResourcesBuildPhase section */

/* Begin PBXSourcesBuildPhase section */
		2F3B487A24292EEA00A06377 /* Sources */ = {
			isa = PBXSourcesBuildPhase;
			buildActionMask = 2147483647;
			files = (
				2F3B488224292EEA00A06377 /* AppDelegate.swift in Sources */,
				2FD40C302430FF6700269A64 /* Constants.swift in Sources */,
				2FB0B751242A5D36005F5973 /* CountryCollectionViewCell.swift in Sources */,
				2F3B48B82429395100A06377 /* BaseViewController.swift in Sources */,
				2FB0B74D24296A2A005F5973 /* CountriesViewModel.swift in Sources */,
				2F3B48B22429391000A06377 /* MainTabBarController.swift in Sources */,
				2FB0B73C242955F2005F5973 /* CountriesViewController.swift in Sources */,
				2FD40C342431000400269A64 /* UIColor+Extensions.swift in Sources */,
				2F3B48C6242944B100A06377 /* WorldwideViewModel.swift in Sources */,
				2F3B48C1242941A900A06377 /* Cases.swift in Sources */,
				2FD40C242430EE5700269A64 /* CountryDetailsViewModel.swift in Sources */,
				2F31076D2443BC6900C9AC36 /* WorldwideHeader.swift in Sources */,
				2FD40C202430EE2500269A64 /* CountryDetailsViewController.swift in Sources */,
				2FD40C282430F60700269A64 /* ApiConfig.swift in Sources */,
				2FB0B74024295610005F5973 /* WorldwideViewController.swift in Sources */,
				2F3B488424292EEA00A06377 /* SceneDelegate.swift in Sources */,
				2F3107602443A70300C9AC36 /* WorldwideTableViewCell.swift in Sources */,
				2F3B48BC24293FF500A06377 /* ApiClient.swift in Sources */,
				2FB27577242EAE520058274E /* ImageManager.swift in Sources */,
			);
			runOnlyForDeploymentPostprocessing = 0;
		};
		2F3B489024292EEC00A06377 /* Sources */ = {
			isa = PBXSourcesBuildPhase;
			buildActionMask = 2147483647;
			files = (
				2FD40C212430EE2500269A64 /* CountryDetailsViewController.swift in Sources */,
				2FB0B74124295610005F5973 /* WorldwideViewController.swift in Sources */,
				2FD40C252430EE5700269A64 /* CountryDetailsViewModel.swift in Sources */,
				2F3B48B32429391000A06377 /* MainTabBarController.swift in Sources */,
				2F3107612443A70300C9AC36 /* WorldwideTableViewCell.swift in Sources */,
				2FD40C292430F60700269A64 /* ApiConfig.swift in Sources */,
				2F31076E2443BC6900C9AC36 /* WorldwideHeader.swift in Sources */,
				2FB27578242EAE520058274E /* ImageManager.swift in Sources */,
				2FD40C312430FF6700269A64 /* Constants.swift in Sources */,
				2FB0B73D242955F2005F5973 /* CountriesViewController.swift in Sources */,
				2FB0B74E24296A2A005F5973 /* CountriesViewModel.swift in Sources */,
				2F3B489924292EEC00A06377 /* Covid_19Tests.swift in Sources */,
				2F3B48C2242941A900A06377 /* Cases.swift in Sources */,
				2F3B48B92429395100A06377 /* BaseViewController.swift in Sources */,
				2F3B48C7242944B100A06377 /* WorldwideViewModel.swift in Sources */,
				2F3B48BD24293FF500A06377 /* ApiClient.swift in Sources */,
				2FD40C352431000400269A64 /* UIColor+Extensions.swift in Sources */,
				2FB0B752242A5D36005F5973 /* CountryCollectionViewCell.swift in Sources */,
			);
			runOnlyForDeploymentPostprocessing = 0;
		};
		2F3B489B24292EEC00A06377 /* Sources */ = {
			isa = PBXSourcesBuildPhase;
			buildActionMask = 2147483647;
			files = (
				2FD40C222430EE2500269A64 /* CountryDetailsViewController.swift in Sources */,
				2FB0B74224295610005F5973 /* WorldwideViewController.swift in Sources */,
				2FD40C262430EE5700269A64 /* CountryDetailsViewModel.swift in Sources */,
				2F3B48B42429391000A06377 /* MainTabBarController.swift in Sources */,
				2F3107622443A70300C9AC36 /* WorldwideTableViewCell.swift in Sources */,
				2FD40C2A2430F60700269A64 /* ApiConfig.swift in Sources */,
				2F31076F2443BC6900C9AC36 /* WorldwideHeader.swift in Sources */,
				2FB27579242EAE520058274E /* ImageManager.swift in Sources */,
				2FD40C322430FF6700269A64 /* Constants.swift in Sources */,
				2FB0B73E242955F2005F5973 /* CountriesViewController.swift in Sources */,
				2FB0B74F24296A2A005F5973 /* CountriesViewModel.swift in Sources */,
				2F3B48A424292EEC00A06377 /* Covid_19UITests.swift in Sources */,
				2F3B48C3242941A900A06377 /* Cases.swift in Sources */,
				2F3B48BA2429395100A06377 /* BaseViewController.swift in Sources */,
				2F3B48C8242944B100A06377 /* WorldwideViewModel.swift in Sources */,
				2F3B48BE24293FF500A06377 /* ApiClient.swift in Sources */,
				2FD40C362431000400269A64 /* UIColor+Extensions.swift in Sources */,
				2FB0B753242A5D36005F5973 /* CountryCollectionViewCell.swift in Sources */,
			);
			runOnlyForDeploymentPostprocessing = 0;
		};
/* End PBXSourcesBuildPhase section */

/* Begin PBXTargetDependency section */
		2F3B489624292EEC00A06377 /* PBXTargetDependency */ = {
			isa = PBXTargetDependency;
			target = 2F3B487D24292EEA00A06377 /* Covid-19 */;
			targetProxy = 2F3B489524292EEC00A06377 /* PBXContainerItemProxy */;
		};
		2F3B48A124292EEC00A06377 /* PBXTargetDependency */ = {
			isa = PBXTargetDependency;
			target = 2F3B487D24292EEA00A06377 /* Covid-19 */;
			targetProxy = 2F3B48A024292EEC00A06377 /* PBXContainerItemProxy */;
		};
/* End PBXTargetDependency section */

/* Begin PBXVariantGroup section */
		2F3B488C24292EEB00A06377 /* LaunchScreen.storyboard */ = {
			isa = PBXVariantGroup;
			children = (
				2F3B488D24292EEB00A06377 /* Base */,
			);
			name = LaunchScreen.storyboard;
			sourceTree = "<group>";
		};
/* End PBXVariantGroup section */

/* Begin XCBuildConfiguration section */
		2F3B48A624292EEC00A06377 /* Debug */ = {
			isa = XCBuildConfiguration;
			buildSettings = {
				ALWAYS_SEARCH_USER_PATHS = NO;
				CLANG_ANALYZER_NONNULL = YES;
				CLANG_ANALYZER_NUMBER_OBJECT_CONVERSION = YES_AGGRESSIVE;
				CLANG_CXX_LANGUAGE_STANDARD = "gnu++14";
				CLANG_CXX_LIBRARY = "libc++";
				CLANG_ENABLE_MODULES = YES;
				CLANG_ENABLE_OBJC_ARC = YES;
				CLANG_ENABLE_OBJC_WEAK = YES;
				CLANG_WARN_BLOCK_CAPTURE_AUTORELEASING = YES;
				CLANG_WARN_BOOL_CONVERSION = YES;
				CLANG_WARN_COMMA = YES;
				CLANG_WARN_CONSTANT_CONVERSION = YES;
				CLANG_WARN_DEPRECATED_OBJC_IMPLEMENTATIONS = YES;
				CLANG_WARN_DIRECT_OBJC_ISA_USAGE = YES_ERROR;
				CLANG_WARN_DOCUMENTATION_COMMENTS = YES;
				CLANG_WARN_EMPTY_BODY = YES;
				CLANG_WARN_ENUM_CONVERSION = YES;
				CLANG_WARN_INFINITE_RECURSION = YES;
				CLANG_WARN_INT_CONVERSION = YES;
				CLANG_WARN_NON_LITERAL_NULL_CONVERSION = YES;
				CLANG_WARN_OBJC_IMPLICIT_RETAIN_SELF = YES;
				CLANG_WARN_OBJC_LITERAL_CONVERSION = YES;
				CLANG_WARN_OBJC_ROOT_CLASS = YES_ERROR;
				CLANG_WARN_RANGE_LOOP_ANALYSIS = YES;
				CLANG_WARN_STRICT_PROTOTYPES = YES;
				CLANG_WARN_SUSPICIOUS_MOVE = YES;
				CLANG_WARN_UNGUARDED_AVAILABILITY = YES_AGGRESSIVE;
				CLANG_WARN_UNREACHABLE_CODE = YES;
				CLANG_WARN__DUPLICATE_METHOD_MATCH = YES;
				COPY_PHASE_STRIP = NO;
				DEBUG_INFORMATION_FORMAT = dwarf;
				ENABLE_STRICT_OBJC_MSGSEND = YES;
				ENABLE_TESTABILITY = YES;
				GCC_C_LANGUAGE_STANDARD = gnu11;
				GCC_DYNAMIC_NO_PIC = NO;
				GCC_NO_COMMON_BLOCKS = YES;
				GCC_OPTIMIZATION_LEVEL = 0;
				GCC_PREPROCESSOR_DEFINITIONS = (
					"DEBUG=1",
					"$(inherited)",
				);
				GCC_WARN_64_TO_32_BIT_CONVERSION = YES;
				GCC_WARN_ABOUT_RETURN_TYPE = YES_ERROR;
				GCC_WARN_UNDECLARED_SELECTOR = YES;
				GCC_WARN_UNINITIALIZED_AUTOS = YES_AGGRESSIVE;
				GCC_WARN_UNUSED_FUNCTION = YES;
				GCC_WARN_UNUSED_VARIABLE = YES;
				IPHONEOS_DEPLOYMENT_TARGET = 13.2;
				MTL_ENABLE_DEBUG_INFO = INCLUDE_SOURCE;
				MTL_FAST_MATH = YES;
				ONLY_ACTIVE_ARCH = YES;
				SDKROOT = iphoneos;
				SWIFT_ACTIVE_COMPILATION_CONDITIONS = DEBUG;
				SWIFT_OPTIMIZATION_LEVEL = "-Onone";
			};
			name = Debug;
		};
		2F3B48A724292EEC00A06377 /* Release */ = {
			isa = XCBuildConfiguration;
			buildSettings = {
				ALWAYS_SEARCH_USER_PATHS = NO;
				CLANG_ANALYZER_NONNULL = YES;
				CLANG_ANALYZER_NUMBER_OBJECT_CONVERSION = YES_AGGRESSIVE;
				CLANG_CXX_LANGUAGE_STANDARD = "gnu++14";
				CLANG_CXX_LIBRARY = "libc++";
				CLANG_ENABLE_MODULES = YES;
				CLANG_ENABLE_OBJC_ARC = YES;
				CLANG_ENABLE_OBJC_WEAK = YES;
				CLANG_WARN_BLOCK_CAPTURE_AUTORELEASING = YES;
				CLANG_WARN_BOOL_CONVERSION = YES;
				CLANG_WARN_COMMA = YES;
				CLANG_WARN_CONSTANT_CONVERSION = YES;
				CLANG_WARN_DEPRECATED_OBJC_IMPLEMENTATIONS = YES;
				CLANG_WARN_DIRECT_OBJC_ISA_USAGE = YES_ERROR;
				CLANG_WARN_DOCUMENTATION_COMMENTS = YES;
				CLANG_WARN_EMPTY_BODY = YES;
				CLANG_WARN_ENUM_CONVERSION = YES;
				CLANG_WARN_INFINITE_RECURSION = YES;
				CLANG_WARN_INT_CONVERSION = YES;
				CLANG_WARN_NON_LITERAL_NULL_CONVERSION = YES;
				CLANG_WARN_OBJC_IMPLICIT_RETAIN_SELF = YES;
				CLANG_WARN_OBJC_LITERAL_CONVERSION = YES;
				CLANG_WARN_OBJC_ROOT_CLASS = YES_ERROR;
				CLANG_WARN_RANGE_LOOP_ANALYSIS = YES;
				CLANG_WARN_STRICT_PROTOTYPES = YES;
				CLANG_WARN_SUSPICIOUS_MOVE = YES;
				CLANG_WARN_UNGUARDED_AVAILABILITY = YES_AGGRESSIVE;
				CLANG_WARN_UNREACHABLE_CODE = YES;
				CLANG_WARN__DUPLICATE_METHOD_MATCH = YES;
				COPY_PHASE_STRIP = NO;
				DEBUG_INFORMATION_FORMAT = "dwarf-with-dsym";
				ENABLE_NS_ASSERTIONS = NO;
				ENABLE_STRICT_OBJC_MSGSEND = YES;
				GCC_C_LANGUAGE_STANDARD = gnu11;
				GCC_NO_COMMON_BLOCKS = YES;
				GCC_WARN_64_TO_32_BIT_CONVERSION = YES;
				GCC_WARN_ABOUT_RETURN_TYPE = YES_ERROR;
				GCC_WARN_UNDECLARED_SELECTOR = YES;
				GCC_WARN_UNINITIALIZED_AUTOS = YES_AGGRESSIVE;
				GCC_WARN_UNUSED_FUNCTION = YES;
				GCC_WARN_UNUSED_VARIABLE = YES;
				IPHONEOS_DEPLOYMENT_TARGET = 13.2;
				MTL_ENABLE_DEBUG_INFO = NO;
				MTL_FAST_MATH = YES;
				SDKROOT = iphoneos;
				SWIFT_COMPILATION_MODE = wholemodule;
				SWIFT_OPTIMIZATION_LEVEL = "-O";
				VALIDATE_PRODUCT = YES;
			};
			name = Release;
		};
		2F3B48A924292EEC00A06377 /* Debug */ = {
			isa = XCBuildConfiguration;
			buildSettings = {
				ASSETCATALOG_COMPILER_APPICON_NAME = AppIcon;
				CODE_SIGN_STYLE = Automatic;
				DEVELOPMENT_TEAM = Z47WFR3TL4;
				INFOPLIST_FILE = "Covid-19/Info.plist";
				LD_RUNPATH_SEARCH_PATHS = (
					"$(inherited)",
					"@executable_path/Frameworks",
				);
				PRODUCT_BUNDLE_IDENTIFIER = "com.matheusholanda.Covid-19";
				PRODUCT_NAME = "$(TARGET_NAME)";
				SWIFT_VERSION = 5.0;
				TARGETED_DEVICE_FAMILY = "1,2";
			};
			name = Debug;
		};
		2F3B48AA24292EEC00A06377 /* Release */ = {
			isa = XCBuildConfiguration;
			buildSettings = {
				ASSETCATALOG_COMPILER_APPICON_NAME = AppIcon;
				CODE_SIGN_STYLE = Automatic;
				DEVELOPMENT_TEAM = Z47WFR3TL4;
				INFOPLIST_FILE = "Covid-19/Info.plist";
				LD_RUNPATH_SEARCH_PATHS = (
					"$(inherited)",
					"@executable_path/Frameworks",
				);
				PRODUCT_BUNDLE_IDENTIFIER = "com.matheusholanda.Covid-19";
				PRODUCT_NAME = "$(TARGET_NAME)";
				SWIFT_VERSION = 5.0;
				TARGETED_DEVICE_FAMILY = "1,2";
			};
			name = Release;
		};
		2F3B48AC24292EEC00A06377 /* Debug */ = {
			isa = XCBuildConfiguration;
			buildSettings = {
				ALWAYS_EMBED_SWIFT_STANDARD_LIBRARIES = YES;
				BUNDLE_LOADER = "$(TEST_HOST)";
				CODE_SIGN_STYLE = Automatic;
				DEVELOPMENT_TEAM = Z47WFR3TL4;
				INFOPLIST_FILE = "Covid-19Tests/Info.plist";
				IPHONEOS_DEPLOYMENT_TARGET = 13.2;
				LD_RUNPATH_SEARCH_PATHS = (
					"$(inherited)",
					"@executable_path/Frameworks",
					"@loader_path/Frameworks",
				);
				PRODUCT_BUNDLE_IDENTIFIER = "com.matheusholanda.Covid-19Tests";
				PRODUCT_NAME = "$(TARGET_NAME)";
				SWIFT_VERSION = 5.0;
				TARGETED_DEVICE_FAMILY = "1,2";
				TEST_HOST = "$(BUILT_PRODUCTS_DIR)/Covid-19.app/Covid-19";
			};
			name = Debug;
		};
		2F3B48AD24292EEC00A06377 /* Release */ = {
			isa = XCBuildConfiguration;
			buildSettings = {
				ALWAYS_EMBED_SWIFT_STANDARD_LIBRARIES = YES;
				BUNDLE_LOADER = "$(TEST_HOST)";
				CODE_SIGN_STYLE = Automatic;
				DEVELOPMENT_TEAM = Z47WFR3TL4;
				INFOPLIST_FILE = "Covid-19Tests/Info.plist";
				IPHONEOS_DEPLOYMENT_TARGET = 13.2;
				LD_RUNPATH_SEARCH_PATHS = (
					"$(inherited)",
					"@executable_path/Frameworks",
					"@loader_path/Frameworks",
				);
				PRODUCT_BUNDLE_IDENTIFIER = "com.matheusholanda.Covid-19Tests";
				PRODUCT_NAME = "$(TARGET_NAME)";
				SWIFT_VERSION = 5.0;
				TARGETED_DEVICE_FAMILY = "1,2";
				TEST_HOST = "$(BUILT_PRODUCTS_DIR)/Covid-19.app/Covid-19";
			};
			name = Release;
		};
		2F3B48AF24292EEC00A06377 /* Debug */ = {
			isa = XCBuildConfiguration;
			buildSettings = {
				ALWAYS_EMBED_SWIFT_STANDARD_LIBRARIES = YES;
				CODE_SIGN_STYLE = Automatic;
				DEVELOPMENT_TEAM = Z47WFR3TL4;
				INFOPLIST_FILE = "Covid-19UITests/Info.plist";
				LD_RUNPATH_SEARCH_PATHS = (
					"$(inherited)",
					"@executable_path/Frameworks",
					"@loader_path/Frameworks",
				);
				PRODUCT_BUNDLE_IDENTIFIER = "com.matheusholanda.Covid-19UITests";
				PRODUCT_NAME = "$(TARGET_NAME)";
				SWIFT_VERSION = 5.0;
				TARGETED_DEVICE_FAMILY = "1,2";
				TEST_TARGET_NAME = "Covid-19";
			};
			name = Debug;
		};
		2F3B48B024292EEC00A06377 /* Release */ = {
			isa = XCBuildConfiguration;
			buildSettings = {
				ALWAYS_EMBED_SWIFT_STANDARD_LIBRARIES = YES;
				CODE_SIGN_STYLE = Automatic;
				DEVELOPMENT_TEAM = Z47WFR3TL4;
				INFOPLIST_FILE = "Covid-19UITests/Info.plist";
				LD_RUNPATH_SEARCH_PATHS = (
					"$(inherited)",
					"@executable_path/Frameworks",
					"@loader_path/Frameworks",
				);
				PRODUCT_BUNDLE_IDENTIFIER = "com.matheusholanda.Covid-19UITests";
				PRODUCT_NAME = "$(TARGET_NAME)";
				SWIFT_VERSION = 5.0;
				TARGETED_DEVICE_FAMILY = "1,2";
				TEST_TARGET_NAME = "Covid-19";
			};
			name = Release;
		};
/* End XCBuildConfiguration section */

/* Begin XCConfigurationList section */
		2F3B487924292EE900A06377 /* Build configuration list for PBXProject "Covid-19" */ = {
			isa = XCConfigurationList;
			buildConfigurations = (
				2F3B48A624292EEC00A06377 /* Debug */,
				2F3B48A724292EEC00A06377 /* Release */,
			);
			defaultConfigurationIsVisible = 0;
			defaultConfigurationName = Release;
		};
		2F3B48A824292EEC00A06377 /* Build configuration list for PBXNativeTarget "Covid-19" */ = {
			isa = XCConfigurationList;
			buildConfigurations = (
				2F3B48A924292EEC00A06377 /* Debug */,
				2F3B48AA24292EEC00A06377 /* Release */,
			);
			defaultConfigurationIsVisible = 0;
			defaultConfigurationName = Release;
		};
		2F3B48AB24292EEC00A06377 /* Build configuration list for PBXNativeTarget "Covid-19Tests" */ = {
			isa = XCConfigurationList;
			buildConfigurations = (
				2F3B48AC24292EEC00A06377 /* Debug */,
				2F3B48AD24292EEC00A06377 /* Release */,
			);
			defaultConfigurationIsVisible = 0;
			defaultConfigurationName = Release;
		};
		2F3B48AE24292EEC00A06377 /* Build configuration list for PBXNativeTarget "Covid-19UITests" */ = {
			isa = XCConfigurationList;
			buildConfigurations = (
				2F3B48AF24292EEC00A06377 /* Debug */,
				2F3B48B024292EEC00A06377 /* Release */,
			);
			defaultConfigurationIsVisible = 0;
			defaultConfigurationName = Release;
		};
/* End XCConfigurationList section */
	};
	rootObject = 2F3B487624292EE900A06377 /* Project object */;
}
